
Microsoft Visual Studio Solution File, Format Version 12.00
# Visual Studio Version 17
VisualStudioVersion = 17.8.34316.72
MinimumVisualStudioVersion = 10.0.40219.1
Project("{FAE04EC0-301F-11D3-BF4B-00C04F79EFBC}") = "Labb2- Trådar&Asynkro", "Labb2- Trådar&Asynkro\Labb2- Trådar&Asynkro.csproj", "{3B554423-00B7-468E-8D77-8AA59536DD6C}"
EndProject
Global
	GlobalSection(SolutionConfigurationPlatforms) = preSolution
		Debug|Any CPU = Debug|Any CPU
		Release|Any CPU = Release|Any CPU
	EndGlobalSection
	GlobalSection(ProjectConfigurationPlatforms) = postSolution
		{3B554423-00B7-468E-8D77-8AA59536DD6C}.Debug|Any CPU.ActiveCfg = Debug|Any CPU
		{3B554423-00B7-468E-8D77-8AA59536DD6C}.Debug|Any CPU.Build.0 = Debug|Any CPU
		{3B554423-00B7-468E-8D77-8AA59536DD6C}.Release|Any CPU.ActiveCfg = Release|Any CPU
		{3B554423-00B7-468E-8D77-8AA59536DD6C}.Release|Any CPU.Build.0 = Release|Any CPU
	EndGlobalSection
	GlobalSection(SolutionProperties) = preSolution
		HideSolutionNode = FALSE
	EndGlobalSection
	GlobalSection(ExtensibilityGlobals) = postSolution
		SolutionGuid = {0D94F409-C310-4160-9976-F81F7464B2E6}
	EndGlobalSection
EndGlobal
